PODS:
  - Capacitor (4.7.3):
    - CapacitorCordova
  - CapacitorApp (4.1.1):
    - Capacitor
  - CapacitorCommunitySqlite (4.8.0):
    - Capacitor
    - SQLCipher
    - ZIPFoundation
  - CapacitorCordova (4.7.3)
  - CapacitorDevice (4.1.0):
    - Capacitor
  - CapacitorHaptics (4.1.0):
    - Capacitor
  - CapacitorKeyboard (4.1.1):
    - Capacitor
  - CapacitorNetwork (4.1.0):
    - Capacitor
  - CapacitorPreferences (4.0.2):
    - Capacitor
  - CapacitorStatusBar (4.1.1):
    - Capacitor
  - CordovaPlugins (4.7.3):
    - CapacitorCordova
  - SQLCipher (4.6.1):
    - SQLCipher/standard (= 4.6.1)
  - SQLCipher/common (4.6.1)
  - SQLCipher/standard (4.6.1):
    - SQLCipher/common
  - ZIPFoundation (0.9.19)

DEPENDENCIES:
  - "Capacitor (from `../../node_modules/@capacitor/ios`)"
  - "CapacitorApp (from `../../node_modules/@capacitor/app`)"
  - "CapacitorCommunitySqlite (from `../../node_modules/@capacitor-community/sqlite`)"
  - "CapacitorCordova (from `../../node_modules/@capacitor/ios`)"
  - "CapacitorDevice (from `../../node_modules/@capacitor/device`)"
  - "CapacitorHaptics (from `../../node_modules/@capacitor/haptics`)"
  - "CapacitorKeyboard (from `../../node_modules/@capacitor/keyboard`)"
  - "CapacitorNetwork (from `../../node_modules/@capacitor/network`)"
  - "CapacitorPreferences (from `../../node_modules/@capacitor/preferences`)"
  - "CapacitorStatusBar (from `../../node_modules/@capacitor/status-bar`)"
  - CordovaPlugins (from `../capacitor-cordova-ios-plugins`)

SPEC REPOS:
  trunk:
    - SQLCipher
    - ZIPFoundation

EXTERNAL SOURCES:
  Capacitor:
    :path: "../../node_modules/@capacitor/ios"
  CapacitorApp:
    :path: "../../node_modules/@capacitor/app"
  CapacitorCommunitySqlite:
    :path: "../../node_modules/@capacitor-community/sqlite"
  CapacitorCordova:
    :path: "../../node_modules/@capacitor/ios"
  CapacitorDevice:
    :path: "../../node_modules/@capacitor/device"
  CapacitorHaptics:
    :path: "../../node_modules/@capacitor/haptics"
  CapacitorKeyboard:
    :path: "../../node_modules/@capacitor/keyboard"
  CapacitorNetwork:
    :path: "../../node_modules/@capacitor/network"
  CapacitorPreferences:
    :path: "../../node_modules/@capacitor/preferences"
  CapacitorStatusBar:
    :path: "../../node_modules/@capacitor/status-bar"
  CordovaPlugins:
    :path: "../capacitor-cordova-ios-plugins"

SPEC CHECKSUMS:
  Capacitor: 4b218a24f6978318c50643e44e40c0de5638325a
  CapacitorApp: 5aca4c22072c82d4df5296443e78818e7c6ffe71
  CapacitorCommunitySqlite: ffeced278d9d97965f5bca14efe3e1145ebc6e06
  CapacitorCordova: e8ed29bd616c9f5a81498d47c0b84179b9c6a5a6
  CapacitorDevice: 61406640f146aa2355b20ba5f85a2d77e33b9eae
  CapacitorHaptics: 7593f5662018d72b5e1d4314411368ff9e1a5c10
  CapacitorKeyboard: aa7b004e1bb57fa3001c1a740d4482921d4f2065
  CapacitorNetwork: dd05ff5244fa9ab3d8bec7b7e78232bf7db81045
  CapacitorPreferences: a39760531ecdfc5db97c825a30d51f4353e90226
  CapacitorStatusBar: 062f11f4e21d31114699866364073f639968ca53
  CordovaPlugins: 55b3307d2c85ae86eb68e5e86037e990531efd57
  SQLCipher: 77fbe633cd84db04b07876dd50766b4924b57d61
  ZIPFoundation: b8c29ea7ae353b309bc810586181fd073cb3312c

PODFILE CHECKSUM: f321dc701e9a462229623331c364714f31832320

COCOAPODS: 1.16.2
